<?xml version="1.0" encoding="utf-8"?>
<Project ToolsVersion="4.0" xmlns="http://schemas.microsoft.com/developer/msbuild/2003">
  <ItemGroup>
    <Filter Include="source_code">
      <UniqueIdentifier>{4FC737F1-C7A5-4376-A066-2A32D752A2FF}</UniqueIdentifier>
      <Extensions>cpp;c;cc;cxx;def;odl;idl;hpj;bat;asm;asmx</Extensions>
    </Filter>
    <Filter Include="source_code\map">
      <UniqueIdentifier>{fbb6f7f5-0f35-492a-a06a-e635b2a8d856}</UniqueIdentifier>
    </Filter>
    <Filter Include="source_code\algorithms">
      <UniqueIdentifier>{d345d4c0-3e54-471b-b8e2-5df940f8d39f}</UniqueIdentifier>
    </Filter>
    <Filter Include="tests">
      <UniqueIdentifier>{6bdd5394-b1c6-4415-be15-2ce66806cdbd}</UniqueIdentifier>
    </Filter>
    <Filter Include="tests\algorithms">
      <UniqueIdentifier>{c1481e72-89e0-4481-a993-555bd415c99e}</UniqueIdentifier>
    </Filter>
    <Filter Include="tests\map">
      <UniqueIdentifier>{7105a21a-c4fe-43a9-8f82-2a8293959699}</UniqueIdentifier>
    </Filter>
    <Filter Include="source_code\visualisation">
      <UniqueIdentifier>{d9521b4a-437f-4abf-bb99-42a49778a89b}</UniqueIdentifier>
    </Filter>
    <Filter Include="include">
      <UniqueIdentifier>{20a8908e-8798-4138-a552-676ae002bac2}</UniqueIdentifier>
    </Filter>
    <Filter Include="source_code\visualisation\shaders">
      <UniqueIdentifier>{3d83c8ca-3768-459b-8aed-7f5028d3ffd7}</UniqueIdentifier>
    </Filter>
    <Filter Include="source_code\visualisation\models">
      <UniqueIdentifier>{aa4e430f-96bd-44c5-becc-337268c64e5b}</UniqueIdentifier>
    </Filter>
    <Filter Include="source_code\visualisation\render">
      <UniqueIdentifier>{a379fe19-8963-4255-8a1e-765cbef8cf49}</UniqueIdentifier>
    </Filter>
    <Filter Include="source_code\visualisation\control">
      <UniqueIdentifier>{82908d2e-eb15-48b9-b522-9352d888883d}</UniqueIdentifier>
    </Filter>
  </ItemGroup>
  <ItemGroup>
    <ClCompile Include="source_code\main.cpp">
      <Filter>source_code</Filter>
    </ClCompile>
    <ClCompile Include="source_code\map\standard_undirected_map_generator.cpp">
      <Filter>source_code\map</Filter>
    </ClCompile>
    <ClCompile Include="source_code\map\undirected_graph.cpp">
      <Filter>source_code\map</Filter>
    </ClCompile>
    <ClCompile Include="source_code\map\undirected_map.cpp">
      <Filter>source_code\map</Filter>
    </ClCompile>
    <ClCompile Include="source_code\algorithms\depth_first_search.cpp">
      <Filter>source_code\algorithms</Filter>
    </ClCompile>
    <ClCompile Include="source_code\algorithms\search_algorithm.cpp">
      <Filter>source_code\algorithms</Filter>
    </ClCompile>
    <ClCompile Include="tests\map\undirected_map_tests.cpp">
      <Filter>tests\map</Filter>
    </ClCompile>
    <ClCompile Include="tests\map\undirectedgraph_tests.cpp">
      <Filter>tests\map</Filter>
    </ClCompile>
    <ClCompile Include="source_code\visualisation\models\scene_object.cpp">
      <Filter>source_code\visualisation\models</Filter>
    </ClCompile>
    <ClCompile Include="source_code\visualisation\models\graph_edge_view.cpp">
      <Filter>source_code\visualisation\models</Filter>
    </ClCompile>
    <ClCompile Include="source_code\visualisation\models\graph_node_view.cpp">
      <Filter>source_code\visualisation\models</Filter>
    </ClCompile>
    <ClCompile Include="source_code\visualisation\models\shader_program.cpp">
      <Filter>source_code\visualisation\models</Filter>
    </ClCompile>
    <ClCompile Include="source_code\visualisation\render\opengl_application.cpp">
      <Filter>source_code\visualisation\render</Filter>
    </ClCompile>
    <ClCompile Include="source_code\visualisation\render\scene.cpp">
      <Filter>source_code\visualisation\render</Filter>
    </ClCompile>
    <ClCompile Include="source_code\visualisation\render\scene_builder.cpp">
      <Filter>source_code\visualisation\render</Filter>
    </ClCompile>
    <ClCompile Include="source_code\visualisation\control\scene_controller.cpp">
      <Filter>source_code\visualisation\control</Filter>
    </ClCompile>
    <ClCompile Include="source_code\visualisation\models\undirected_graph_view.cpp">
      <Filter>source_code\visualisation\models</Filter>
    </ClCompile>
    <ClCompile Include="source_code\visualisation\models\complex_scene_object.cpp">
      <Filter>source_code\visualisation\models</Filter>
    </ClCompile>
    <ClCompile Include="source_code\visualisation\control\camera.cpp">
      <Filter>source_code\visualisation\control</Filter>
    </ClCompile>
    <ClCompile Include="source_code\visualisation\models\mesh.cpp">
      <Filter>source_code\visualisation\models</Filter>
    </ClCompile>
    <ClCompile Include="source_code\visualisation\models\model.cpp">
      <Filter>source_code\visualisation\models</Filter>
    </ClCompile>
  </ItemGroup>
  <ItemGroup>
    <ClInclude Include="source_code\map\standard_undirected_map_generator.h">
      <Filter>source_code\map</Filter>
    </ClInclude>
    <ClInclude Include="source_code\map\undirected_graph.h">
      <Filter>source_code\map</Filter>
    </ClInclude>
    <ClInclude Include="source_code\map\undirected_map.h">
      <Filter>source_code\map</Filter>
    </ClInclude>
    <ClInclude Include="source_code\algorithms\depth_first_search.h">
      <Filter>source_code\algorithms</Filter>
    </ClInclude>
    <ClInclude Include="source_code\algorithms\search_algorithm.h">
      <Filter>source_code\algorithms</Filter>
    </ClInclude>
    <ClInclude Include="tests\error_messenger.h">
      <Filter>tests</Filter>
    </ClInclude>
    <ClInclude Include="tests\map\undirected_map_tests.h">
      <Filter>tests\map</Filter>
    </ClInclude>
    <ClInclude Include="tests\map\undirectedgraph_tests.h">
      <Filter>tests\map</Filter>
    </ClInclude>
    <ClInclude Include="tests\algorithms\dfs_test.h">
      <Filter>tests\algorithms</Filter>
    </ClInclude>
    <ClInclude Include="source_code\visualisation\models\scene_object.h">
      <Filter>source_code\visualisation\models</Filter>
    </ClInclude>
    <ClInclude Include="source_code\visualisation\models\graph_edge_view.h">
      <Filter>source_code\visualisation\models</Filter>
    </ClInclude>
    <ClInclude Include="source_code\visualisation\models\graph_node_view.h">
      <Filter>source_code\visualisation\models</Filter>
    </ClInclude>
    <ClInclude Include="source_code\visualisation\models\point3D.h">
      <Filter>source_code\visualisation\models</Filter>
    </ClInclude>
    <ClInclude Include="source_code\visualisation\models\shader_program.h">
      <Filter>source_code\visualisation\models</Filter>
    </ClInclude>
    <ClInclude Include="source_code\visualisation\render\color.h">
      <Filter>source_code\visualisation\render</Filter>
    </ClInclude>
    <ClInclude Include="source_code\visualisation\render\opengl_application.h">
      <Filter>source_code\visualisation\render</Filter>
    </ClInclude>
    <ClInclude Include="source_code\visualisation\render\scene.h">
      <Filter>source_code\visualisation\render</Filter>
    </ClInclude>
    <ClInclude Include="source_code\visualisation\render\scene_builder.h">
      <Filter>source_code\visualisation\render</Filter>
    </ClInclude>
    <ClInclude Include="source_code\visualisation\control\camera.h">
      <Filter>source_code\visualisation\control</Filter>
    </ClInclude>
    <ClInclude Include="source_code\visualisation\control\camera_view_vectors.h">
      <Filter>source_code\visualisation\control</Filter>
    </ClInclude>
    <ClInclude Include="source_code\visualisation\control\scene_controller.h">
      <Filter>source_code\visualisation\control</Filter>
    </ClInclude>
    <ClInclude Include="source_code\visualisation\models\undirected_graph_view.h">
      <Filter>source_code\visualisation\models</Filter>
    </ClInclude>
    <ClInclude Include="source_code\visualisation\models\complex_scene_object.h">
      <Filter>source_code\visualisation\models</Filter>
    </ClInclude>
    <ClInclude Include="include\paths.h">
      <Filter>include</Filter>
    </ClInclude>
    <ClInclude Include="include\main_includes.h">
      <Filter>include</Filter>
    </ClInclude>
    <ClInclude Include="source_code\visualisation\models\mesh.h">
      <Filter>source_code\visualisation\models</Filter>
    </ClInclude>
    <ClInclude Include="source_code\visualisation\models\model.h">
      <Filter>source_code\visualisation\models</Filter>
    </ClInclude>
  </ItemGroup>
  <ItemGroup>
    <None Include="source_code\visualisation\shaders\node_vertex.vert">
      <Filter>source_code\visualisation\shaders</Filter>
    </None>
    <None Include="source_code\visualisation\shaders\node_fragment.frag">
      <Filter>source_code\visualisation\shaders</Filter>
    </None>
    <None Include="source_code\visualisation\shaders\edge_vertex.vert">
      <Filter>source_code\visualisation\shaders</Filter>
    </None>
    <None Include="source_code\visualisation\shaders\edge_fragment.frag">
      <Filter>source_code\visualisation\shaders</Filter>
    </None>
  </ItemGroup>
</Project>